
Microsoft Visual Studio Solution File, Format Version 12.00
# Visual Studio 15
VisualStudioVersion = 15.0.28307.1267
MinimumVisualStudioVersion = 10.0.40219.1
Project("{FAE04EC0-301F-11D3-BF4B-00C04F79EFBC}") = "CoreBase", "CoreBase\CoreBase.csproj", "{D1E61851-8093-4B8C-9BE7-6516516E9AE3}"
EndProject
Project("{FAE04EC0-301F-11D3-BF4B-00C04F79EFBC}") = "AusNail", "Test\AusNail.csproj", "{F8E4C24A-C35D-45E7-A120-B2543E8FB6E4}"
EndProject
Global
	GlobalSection(SolutionConfigurationPlatforms) = preSolution
		Debug|Any CPU = Debug|Any CPU
		Release|Any CPU = Release|Any CPU
	EndGlobalSection
	GlobalSection(ProjectConfigurationPlatforms) = postSolution
		{D1E61851-8093-4B8C-9BE7-6516516E9AE3}.Debug|Any CPU.ActiveCfg = Debug|Any CPU
		{D1E61851-8093-4B8C-9BE7-6516516E9AE3}.Debug|Any CPU.Build.0 = Debug|Any CPU
		{D1E61851-8093-4B8C-9BE7-6516516E9AE3}.Release|Any CPU.ActiveCfg = Release|Any CPU
		{D1E61851-8093-4B8C-9BE7-6516516E9AE3}.Release|Any CPU.Build.0 = Release|Any CPU
		{F8E4C24A-C35D-45E7-A120-B2543E8FB6E4}.Debug|Any CPU.ActiveCfg = Debug|Any CPU
		{F8E4C24A-C35D-45E7-A120-B2543E8FB6E4}.Debug|Any CPU.Build.0 = Debug|Any CPU
		{F8E4C24A-C35D-45E7-A120-B2543E8FB6E4}.Release|Any CPU.ActiveCfg = Release|Any CPU
		{F8E4C24A-C35D-45E7-A120-B2543E8FB6E4}.Release|Any CPU.Build.0 = Release|Any CPU
	EndGlobalSection
	GlobalSection(SolutionProperties) = preSolution
		HideSolutionNode = FALSE
	EndGlobalSection
	GlobalSection(ExtensibilityGlobals) = postSolution
		SolutionGuid = {E2455D4E-D502-4F97-A368-D94717239A8E}
	EndGlobalSection
EndGlobal
